
Microsoft Visual Studio Solution File, Format Version 12.00
# Visual Studio Version 16
VisualStudioVersion = 16.0.32106.194
MinimumVisualStudioVersion = 10.0.40219.1
Project("{FAE04EC0-301F-11D3-BF4B-00C04F79EFBC}") = "generic_list", "generic_list\generic_list.csproj", "{FA231513-4B78-4D9B-8716-8E3C1F81049D}"
EndProject
Global
	GlobalSection(SolutionConfigurationPlatforms) = preSolution
		Debug|Any CPU = Debug|Any CPU
		Release|Any CPU = Release|Any CPU
	EndGlobalSection
	GlobalSection(ProjectConfigurationPlatforms) = postSolution
		{FA231513-4B78-4D9B-8716-8E3C1F81049D}.Debug|Any CPU.ActiveCfg = Debug|Any CPU
		{FA231513-4B78-4D9B-8716-8E3C1F81049D}.Debug|Any CPU.Build.0 = Debug|Any CPU
		{FA231513-4B78-4D9B-8716-8E3C1F81049D}.Release|Any CPU.ActiveCfg = Release|Any CPU
		{FA231513-4B78-4D9B-8716-8E3C1F81049D}.Release|Any CPU.Build.0 = Release|Any CPU
	EndGlobalSection
	GlobalSection(SolutionProperties) = preSolution
		HideSolutionNode = FALSE
	EndGlobalSection
	GlobalSection(ExtensibilityGlobals) = postSolution
		SolutionGuid = {551D3CC6-F09C-4E9F-B4AB-C7744C5F41B8}
	EndGlobalSection
EndGlobal
